
Microsoft Visual Studio Solution File, Format Version 12.00
# Visual Studio Version 17
VisualStudioVersion = 17.4.33403.182
MinimumVisualStudioVersion = 10.0.40219.1
Project("{FAE04EC0-301F-11D3-BF4B-00C04F79EFBC}") = "Uppgift", "Uppgift\Uppgift.csproj", "{E901219C-7198-40BD-9139-3C733C8A8BCE}"
EndProject
Global
	GlobalSection(SolutionConfigurationPlatforms) = preSolution
		Debug|Any CPU = Debug|Any CPU
		Release|Any CPU = Release|Any CPU
	EndGlobalSection
	GlobalSection(ProjectConfigurationPlatforms) = postSolution
		{E901219C-7198-40BD-9139-3C733C8A8BCE}.Debug|Any CPU.ActiveCfg = Debug|Any CPU
		{E901219C-7198-40BD-9139-3C733C8A8BCE}.Debug|Any CPU.Build.0 = Debug|Any CPU
		{E901219C-7198-40BD-9139-3C733C8A8BCE}.Release|Any CPU.ActiveCfg = Release|Any CPU
		{E901219C-7198-40BD-9139-3C733C8A8BCE}.Release|Any CPU.Build.0 = Release|Any CPU
	EndGlobalSection
	GlobalSection(SolutionProperties) = preSolution
		HideSolutionNode = FALSE
	EndGlobalSection
	GlobalSection(ExtensibilityGlobals) = postSolution
		SolutionGuid = {9EDDEF84-45FB-4D1E-A99C-932BF867BC98}
	EndGlobalSection
EndGlobal
